
Microsoft Visual Studio Solution File, Format Version 12.00
# Visual Studio Version 16
VisualStudioVersion = 16.0.33927.289
MinimumVisualStudioVersion = 10.0.40219.1
Project("{2150E333-8FDC-42A3-9474-1A3956D46DE8}") = "Task0", "Task0", "{136A158A-EF94-4097-B8AE-3FD13E5D1AEB}"
EndProject
Project("{FAE04EC0-301F-11D3-BF4B-00C04F79EFBC}") = "Tyuiu.VdovichenkoAI.Sprint0.Task0.V0", "Tyuiu.VdovichenkoAI.Sprint0.Task0.V0\Tyuiu.VdovichenkoAI.Sprint0.Task0.V0.csproj", "{B689C6CB-FFBD-4C54-8F02-4B6D19AF4A4C}"
EndProject
Global
	GlobalSection(SolutionConfigurationPlatforms) = preSolution
		Debug|Any CPU = Debug|Any CPU
		Release|Any CPU = Release|Any CPU
	EndGlobalSection
	GlobalSection(ProjectConfigurationPlatforms) = postSolution
		{B689C6CB-FFBD-4C54-8F02-4B6D19AF4A4C}.Debug|Any CPU.ActiveCfg = Debug|Any CPU
		{B689C6CB-FFBD-4C54-8F02-4B6D19AF4A4C}.Debug|Any CPU.Build.0 = Debug|Any CPU
		{B689C6CB-FFBD-4C54-8F02-4B6D19AF4A4C}.Release|Any CPU.ActiveCfg = Release|Any CPU
		{B689C6CB-FFBD-4C54-8F02-4B6D19AF4A4C}.Release|Any CPU.Build.0 = Release|Any CPU
	EndGlobalSection
	GlobalSection(SolutionProperties) = preSolution
		HideSolutionNode = FALSE
	EndGlobalSection
	GlobalSection(NestedProjects) = preSolution
		{B689C6CB-FFBD-4C54-8F02-4B6D19AF4A4C} = {136A158A-EF94-4097-B8AE-3FD13E5D1AEB}
	EndGlobalSection
	GlobalSection(ExtensibilityGlobals) = postSolution
		SolutionGuid = {F2D38008-DF20-4205-9D08-8DD8A0E21108}
	EndGlobalSection
EndGlobal
