
Microsoft Visual Studio Solution File, Format Version 12.00
# Visual Studio Version 16
VisualStudioVersion = 16.0.33927.289
MinimumVisualStudioVersion = 10.0.40219.1
Project("{2150E333-8FDC-42A3-9474-1A3956D46DE8}") = "Task0", "Task0", "{136A158A-EF94-4097-B8AE-3FD13E5D1AEB}"
EndProject
Project("{FAE04EC0-301F-11D3-BF4B-00C04F79EFBC}") = "Tyuiu.VdovichenkoAI.Sprint0.Task0.V0", "Tyuiu.VdovichenkoAI.Sprint0.Task0.V0\Tyuiu.VdovichenkoAI.Sprint0.Task0.V0.csproj", "{B689C6CB-FFBD-4C54-8F02-4B6D19AF4A4C}"
EndProject
Project("{2150E333-8FDC-42A3-9474-1A3956D46DE8}") = "Task1", "Task1", "{86309454-F79B-48A4-BD96-C3BDDC7083F9}"
EndProject
Project("{FAE04EC0-301F-11D3-BF4B-00C04F79EFBC}") = "Tyuiu.VdovichenkoAI.Sprint0.Task1.V0", "Tyuiu.VdovichenkoAI.Sprint0.Task1.V0\Tyuiu.VdovichenkoAI.Sprint0.Task1.V0.csproj", "{F4188B67-BC02-4EAA-B44D-50E5526047CC}"
EndProject
Project("{2150E333-8FDC-42A3-9474-1A3956D46DE8}") = "Task2", "Task2", "{F55C28E3-0C16-409C-AD03-14175666023C}"
EndProject
Project("{FAE04EC0-301F-11D3-BF4B-00C04F79EFBC}") = "Tyuiu.VdovichenkoAI.Sprint0.Task2.V0", "Tyuiu.VdovichenkoAI.Sprint0.Task2.V0\Tyuiu.VdovichenkoAI.Sprint0.Task2.V0.csproj", "{E7AC7462-5924-4B62-855B-82F806952E19}"
EndProject
Project("{FAE04EC0-301F-11D3-BF4B-00C04F79EFBC}") = "Tyuiu.VdovichenkoAI.Sprint0.Task2.V0.Lib", "Tyuiu.VdovichenkoAI.Sprint0.Task2.V0.Lib\Tyuiu.VdovichenkoAI.Sprint0.Task2.V0.Lib.csproj", "{27AB8E52-813F-411E-B6C9-0F737014926A}"
EndProject
Project("{FAE04EC0-301F-11D3-BF4B-00C04F79EFBC}") = "Tyuiu.VdovichenkoAI.Sprint0.Task2.V0.Test", "Tyuiu.VdovichenkoAI.Sprint0.Task2.V0.Test\Tyuiu.VdovichenkoAI.Sprint0.Task2.V0.Test.csproj", "{F74CA9DF-4B25-4B28-8C86-54BD7A37E990}"
EndProject
Project("{2150E333-8FDC-42A3-9474-1A3956D46DE8}") = "Task3", "Task3", "{BB933391-C2B9-47BA-8F1E-BB70734CACF0}"
EndProject
Project("{FAE04EC0-301F-11D3-BF4B-00C04F79EFBC}") = "Tyuiu.VdovichenkoAI.Sprint0.Task3.V0", "Tyuiu.VdovichenkoAI.Sprint0.Task3.V0\Tyuiu.VdovichenkoAI.Sprint0.Task3.V0.csproj", "{A3DFA01B-D0BC-4AEC-AF22-9632CD7DF848}"
EndProject
Project("{FAE04EC0-301F-11D3-BF4B-00C04F79EFBC}") = "Tyuiu.VdovichenkoAI.Sprint0.Task3.V0.Lib", "Tyuiu.VdovichenkoAI.Sprint0.Task3.V0.Lib\Tyuiu.VdovichenkoAI.Sprint0.Task3.V0.Lib.csproj", "{09C3E06C-CE92-4EE6-867A-106150705C4E}"
EndProject
Project("{FAE04EC0-301F-11D3-BF4B-00C04F79EFBC}") = "Tyuiu.VdovichenkoAI.Sprint0.Task3.V0.Test", "Tyuiu.VdovichenkoAI.Sprint0.Task3.V0.Test\Tyuiu.VdovichenkoAI.Sprint0.Task3.V0.Test.csproj", "{6C3AFFA8-CA74-4112-B003-B273CA11EB33}"
EndProject
Project("{2150E333-8FDC-42A3-9474-1A3956D46DE8}") = "Task4", "Task4", "{D41B5BBB-86AB-4FF7-829E-D741DF4354D3}"
EndProject
Project("{FAE04EC0-301F-11D3-BF4B-00C04F79EFBC}") = "Tyuiu.VdovichenkoAI.Sprint0.Task4.V0", "Tyuiu.VdovichenkoAI.Sprint0.Task4.V0\Tyuiu.VdovichenkoAI.Sprint0.Task4.V0.csproj", "{6C9EDF7A-DC49-458F-ABF5-5A8A69C9F0F5}"
EndProject
Project("{FAE04EC0-301F-11D3-BF4B-00C04F79EFBC}") = "Tyuiu.VdovichenkoAI.Sprint0.Task4.V0.Lib", "Tyuiu.VdovichenkoAI.Sprint0.Task4.V0.Lib\Tyuiu.VdovichenkoAI.Sprint0.Task4.V0.Lib.csproj", "{47C9EF8B-C7FF-45EE-875B-80F87622EF74}"
EndProject
Project("{FAE04EC0-301F-11D3-BF4B-00C04F79EFBC}") = "Tyuiu.VdovichenkoAI.Sprint0.Task4.V0.Test", "Tyuiu.VdovichenkoAI.Sprint0.Task4.V0.Test\Tyuiu.VdovichenkoAI.Sprint0.Task4.V0.Test.csproj", "{3A0CF38C-E437-46D5-B5EA-EF7C0E722C38}"
EndProject
Project("{2150E333-8FDC-42A3-9474-1A3956D46DE8}") = "Task5", "Task5", "{2EE005E7-A1C2-4D33-9254-FD1996066F28}"
EndProject
Project("{FAE04EC0-301F-11D3-BF4B-00C04F79EFBC}") = "Tyuiu.VdovichenkoAI.Sprint0.Task5.V0", "Tyuiu.VdovichenkoAI.Sprint0.Task5.V0\Tyuiu.VdovichenkoAI.Sprint0.Task5.V0.csproj", "{DC11DA41-7B34-49BE-A430-551C35CDBB5C}"
EndProject
Project("{FAE04EC0-301F-11D3-BF4B-00C04F79EFBC}") = "Tyuiu.VdovichenkoAI.Sprint0.Task5.V0.Lib", "Tyuiu.VdovichenkoAI.Sprint0.Task5.V0.Lib\Tyuiu.VdovichenkoAI.Sprint0.Task5.V0.Lib.csproj", "{7D1AA71D-D5B6-4BBA-AB6E-D77E9FA0A809}"
EndProject
Project("{FAE04EC0-301F-11D3-BF4B-00C04F79EFBC}") = "Tyuiu.VdovichenkoAI.Sprint0.Task5.V0.Test", "Tyuiu.VdovichenkoAI.Sprint0.Task5.V0.Test\Tyuiu.VdovichenkoAI.Sprint0.Task5.V0.Test.csproj", "{A532F074-9797-41FE-AD27-0878A59ACF16}"
EndProject
Global
	GlobalSection(SolutionConfigurationPlatforms) = preSolution
		Debug|Any CPU = Debug|Any CPU
		Release|Any CPU = Release|Any CPU
	EndGlobalSection
	GlobalSection(ProjectConfigurationPlatforms) = postSolution
		{B689C6CB-FFBD-4C54-8F02-4B6D19AF4A4C}.Debug|Any CPU.ActiveCfg = Debug|Any CPU
		{B689C6CB-FFBD-4C54-8F02-4B6D19AF4A4C}.Debug|Any CPU.Build.0 = Debug|Any CPU
		{B689C6CB-FFBD-4C54-8F02-4B6D19AF4A4C}.Release|Any CPU.ActiveCfg = Release|Any CPU
		{B689C6CB-FFBD-4C54-8F02-4B6D19AF4A4C}.Release|Any CPU.Build.0 = Release|Any CPU
		{F4188B67-BC02-4EAA-B44D-50E5526047CC}.Debug|Any CPU.ActiveCfg = Debug|Any CPU
		{F4188B67-BC02-4EAA-B44D-50E5526047CC}.Debug|Any CPU.Build.0 = Debug|Any CPU
		{F4188B67-BC02-4EAA-B44D-50E5526047CC}.Release|Any CPU.ActiveCfg = Release|Any CPU
		{F4188B67-BC02-4EAA-B44D-50E5526047CC}.Release|Any CPU.Build.0 = Release|Any CPU
		{E7AC7462-5924-4B62-855B-82F806952E19}.Debug|Any CPU.ActiveCfg = Debug|Any CPU
		{E7AC7462-5924-4B62-855B-82F806952E19}.Debug|Any CPU.Build.0 = Debug|Any CPU
		{E7AC7462-5924-4B62-855B-82F806952E19}.Release|Any CPU.ActiveCfg = Release|Any CPU
		{E7AC7462-5924-4B62-855B-82F806952E19}.Release|Any CPU.Build.0 = Release|Any CPU
		{27AB8E52-813F-411E-B6C9-0F737014926A}.Debug|Any CPU.ActiveCfg = Debug|Any CPU
		{27AB8E52-813F-411E-B6C9-0F737014926A}.Debug|Any CPU.Build.0 = Debug|Any CPU
		{27AB8E52-813F-411E-B6C9-0F737014926A}.Release|Any CPU.ActiveCfg = Release|Any CPU
		{27AB8E52-813F-411E-B6C9-0F737014926A}.Release|Any CPU.Build.0 = Release|Any CPU
		{F74CA9DF-4B25-4B28-8C86-54BD7A37E990}.Debug|Any CPU.ActiveCfg = Debug|Any CPU
		{F74CA9DF-4B25-4B28-8C86-54BD7A37E990}.Debug|Any CPU.Build.0 = Debug|Any CPU
		{F74CA9DF-4B25-4B28-8C86-54BD7A37E990}.Release|Any CPU.ActiveCfg = Release|Any CPU
		{F74CA9DF-4B25-4B28-8C86-54BD7A37E990}.Release|Any CPU.Build.0 = Release|Any CPU
		{A3DFA01B-D0BC-4AEC-AF22-9632CD7DF848}.Debug|Any CPU.ActiveCfg = Debug|Any CPU
		{A3DFA01B-D0BC-4AEC-AF22-9632CD7DF848}.Debug|Any CPU.Build.0 = Debug|Any CPU
		{A3DFA01B-D0BC-4AEC-AF22-9632CD7DF848}.Release|Any CPU.ActiveCfg = Release|Any CPU
		{A3DFA01B-D0BC-4AEC-AF22-9632CD7DF848}.Release|Any CPU.Build.0 = Release|Any CPU
		{09C3E06C-CE92-4EE6-867A-106150705C4E}.Debug|Any CPU.ActiveCfg = Debug|Any CPU
		{09C3E06C-CE92-4EE6-867A-106150705C4E}.Debug|Any CPU.Build.0 = Debug|Any CPU
		{09C3E06C-CE92-4EE6-867A-106150705C4E}.Release|Any CPU.ActiveCfg = Release|Any CPU
		{09C3E06C-CE92-4EE6-867A-106150705C4E}.Release|Any CPU.Build.0 = Release|Any CPU
		{6C3AFFA8-CA74-4112-B003-B273CA11EB33}.Debug|Any CPU.ActiveCfg = Debug|Any CPU
		{6C3AFFA8-CA74-4112-B003-B273CA11EB33}.Debug|Any CPU.Build.0 = Debug|Any CPU
		{6C3AFFA8-CA74-4112-B003-B273CA11EB33}.Release|Any CPU.ActiveCfg = Release|Any CPU
		{6C3AFFA8-CA74-4112-B003-B273CA11EB33}.Release|Any CPU.Build.0 = Release|Any CPU
		{6C9EDF7A-DC49-458F-ABF5-5A8A69C9F0F5}.Debug|Any CPU.ActiveCfg = Debug|Any CPU
		{6C9EDF7A-DC49-458F-ABF5-5A8A69C9F0F5}.Debug|Any CPU.Build.0 = Debug|Any CPU
		{6C9EDF7A-DC49-458F-ABF5-5A8A69C9F0F5}.Release|Any CPU.ActiveCfg = Release|Any CPU
		{6C9EDF7A-DC49-458F-ABF5-5A8A69C9F0F5}.Release|Any CPU.Build.0 = Release|Any CPU
		{47C9EF8B-C7FF-45EE-875B-80F87622EF74}.Debug|Any CPU.ActiveCfg = Debug|Any CPU
		{47C9EF8B-C7FF-45EE-875B-80F87622EF74}.Debug|Any CPU.Build.0 = Debug|Any CPU
		{47C9EF8B-C7FF-45EE-875B-80F87622EF74}.Release|Any CPU.ActiveCfg = Release|Any CPU
		{47C9EF8B-C7FF-45EE-875B-80F87622EF74}.Release|Any CPU.Build.0 = Release|Any CPU
		{3A0CF38C-E437-46D5-B5EA-EF7C0E722C38}.Debug|Any CPU.ActiveCfg = Debug|Any CPU
		{3A0CF38C-E437-46D5-B5EA-EF7C0E722C38}.Debug|Any CPU.Build.0 = Debug|Any CPU
		{3A0CF38C-E437-46D5-B5EA-EF7C0E722C38}.Release|Any CPU.ActiveCfg = Release|Any CPU
		{3A0CF38C-E437-46D5-B5EA-EF7C0E722C38}.Release|Any CPU.Build.0 = Release|Any CPU
		{DC11DA41-7B34-49BE-A430-551C35CDBB5C}.Debug|Any CPU.ActiveCfg = Debug|Any CPU
		{DC11DA41-7B34-49BE-A430-551C35CDBB5C}.Debug|Any CPU.Build.0 = Debug|Any CPU
		{DC11DA41-7B34-49BE-A430-551C35CDBB5C}.Release|Any CPU.ActiveCfg = Release|Any CPU
		{DC11DA41-7B34-49BE-A430-551C35CDBB5C}.Release|Any CPU.Build.0 = Release|Any CPU
		{7D1AA71D-D5B6-4BBA-AB6E-D77E9FA0A809}.Debug|Any CPU.ActiveCfg = Debug|Any CPU
		{7D1AA71D-D5B6-4BBA-AB6E-D77E9FA0A809}.Debug|Any CPU.Build.0 = Debug|Any CPU
		{7D1AA71D-D5B6-4BBA-AB6E-D77E9FA0A809}.Release|Any CPU.ActiveCfg = Release|Any CPU
		{7D1AA71D-D5B6-4BBA-AB6E-D77E9FA0A809}.Release|Any CPU.Build.0 = Release|Any CPU
		{A532F074-9797-41FE-AD27-0878A59ACF16}.Debug|Any CPU.ActiveCfg = Debug|Any CPU
		{A532F074-9797-41FE-AD27-0878A59ACF16}.Debug|Any CPU.Build.0 = Debug|Any CPU
		{A532F074-9797-41FE-AD27-0878A59ACF16}.Release|Any CPU.ActiveCfg = Release|Any CPU
		{A532F074-9797-41FE-AD27-0878A59ACF16}.Release|Any CPU.Build.0 = Release|Any CPU
	EndGlobalSection
	GlobalSection(SolutionProperties) = preSolution
		HideSolutionNode = FALSE
	EndGlobalSection
	GlobalSection(NestedProjects) = preSolution
		{B689C6CB-FFBD-4C54-8F02-4B6D19AF4A4C} = {136A158A-EF94-4097-B8AE-3FD13E5D1AEB}
		{F4188B67-BC02-4EAA-B44D-50E5526047CC} = {86309454-F79B-48A4-BD96-C3BDDC7083F9}
		{E7AC7462-5924-4B62-855B-82F806952E19} = {F55C28E3-0C16-409C-AD03-14175666023C}
		{27AB8E52-813F-411E-B6C9-0F737014926A} = {F55C28E3-0C16-409C-AD03-14175666023C}
		{F74CA9DF-4B25-4B28-8C86-54BD7A37E990} = {F55C28E3-0C16-409C-AD03-14175666023C}
		{A3DFA01B-D0BC-4AEC-AF22-9632CD7DF848} = {BB933391-C2B9-47BA-8F1E-BB70734CACF0}
		{09C3E06C-CE92-4EE6-867A-106150705C4E} = {BB933391-C2B9-47BA-8F1E-BB70734CACF0}
		{6C3AFFA8-CA74-4112-B003-B273CA11EB33} = {BB933391-C2B9-47BA-8F1E-BB70734CACF0}
		{6C9EDF7A-DC49-458F-ABF5-5A8A69C9F0F5} = {D41B5BBB-86AB-4FF7-829E-D741DF4354D3}
		{47C9EF8B-C7FF-45EE-875B-80F87622EF74} = {D41B5BBB-86AB-4FF7-829E-D741DF4354D3}
		{3A0CF38C-E437-46D5-B5EA-EF7C0E722C38} = {D41B5BBB-86AB-4FF7-829E-D741DF4354D3}
		{DC11DA41-7B34-49BE-A430-551C35CDBB5C} = {2EE005E7-A1C2-4D33-9254-FD1996066F28}
		{7D1AA71D-D5B6-4BBA-AB6E-D77E9FA0A809} = {2EE005E7-A1C2-4D33-9254-FD1996066F28}
		{A532F074-9797-41FE-AD27-0878A59ACF16} = {2EE005E7-A1C2-4D33-9254-FD1996066F28}
	EndGlobalSection
	GlobalSection(ExtensibilityGlobals) = postSolution
		SolutionGuid = {F2D38008-DF20-4205-9D08-8DD8A0E21108}
	EndGlobalSection
EndGlobal
